
Microsoft Visual Studio Solution File, Format Version 12.00
# Visual Studio 14
VisualStudioVersion = 14.0.25420.1
MinimumVisualStudioVersion = 10.0.40219.1
Project("{FAE04EC0-301F-11D3-BF4B-00C04F79EFBC}") = "WClienteApi", "WClienteApi\WClienteApi.csproj", "{8AC4BD84-13CC-4316-B79B-3E1DA0922011}"
	ProjectSection(ProjectDependencies) = postProject
		{A035DD4B-2F7E-4DAC-A525-41B27C140C58} = {A035DD4B-2F7E-4DAC-A525-41B27C140C58}
	EndProjectSection
EndProject
Project("{FAE04EC0-301F-11D3-BF4B-00C04F79EFBC}") = "WClienteApi.DataRepository", "WClienteApi.DataRepository\WClienteApi.DataRepository.csproj", "{370E8797-DBC9-40D3-BA06-A46A7DB46E70}"
EndProject
Project("{FAE04EC0-301F-11D3-BF4B-00C04F79EFBC}") = "WClienteApi.Business", "WClienteApi.Business\WClienteApi.Business.csproj", "{D84D4029-3C5A-4752-AD1C-9D1A23A429A9}"
EndProject
Project("{FAE04EC0-301F-11D3-BF4B-00C04F79EFBC}") = "WClienteApi.Utility", "WClienteApi.Utility\WClienteApi.Utility.csproj", "{A035DD4B-2F7E-4DAC-A525-41B27C140C58}"
	ProjectSection(ProjectDependencies) = postProject
		{D84D4029-3C5A-4752-AD1C-9D1A23A429A9} = {D84D4029-3C5A-4752-AD1C-9D1A23A429A9}
	EndProjectSection
EndProject
Project("{FAE04EC0-301F-11D3-BF4B-00C04F79EFBC}") = "WClienteApi.Domain", "WClienteApi.Domain\WClienteApi.Domain.csproj", "{4D2CB805-3D28-4A2D-95E3-6F86DC41D810}"
EndProject
Project("{FAE04EC0-301F-11D3-BF4B-00C04F79EFBC}") = "Test", "Test\Test.csproj", "{1A2565ED-7F11-487A-9950-141FFE044F0C}"
EndProject
Global
	GlobalSection(SolutionConfigurationPlatforms) = preSolution
		Debug|Any CPU = Debug|Any CPU
		Release|Any CPU = Release|Any CPU
	EndGlobalSection
	GlobalSection(ProjectConfigurationPlatforms) = postSolution
		{8AC4BD84-13CC-4316-B79B-3E1DA0922011}.Debug|Any CPU.ActiveCfg = Debug|Any CPU
		{8AC4BD84-13CC-4316-B79B-3E1DA0922011}.Debug|Any CPU.Build.0 = Debug|Any CPU
		{8AC4BD84-13CC-4316-B79B-3E1DA0922011}.Release|Any CPU.ActiveCfg = Release|Any CPU
		{8AC4BD84-13CC-4316-B79B-3E1DA0922011}.Release|Any CPU.Build.0 = Release|Any CPU
		{370E8797-DBC9-40D3-BA06-A46A7DB46E70}.Debug|Any CPU.ActiveCfg = Debug|Any CPU
		{370E8797-DBC9-40D3-BA06-A46A7DB46E70}.Debug|Any CPU.Build.0 = Debug|Any CPU
		{370E8797-DBC9-40D3-BA06-A46A7DB46E70}.Release|Any CPU.ActiveCfg = Release|Any CPU
		{370E8797-DBC9-40D3-BA06-A46A7DB46E70}.Release|Any CPU.Build.0 = Release|Any CPU
		{D84D4029-3C5A-4752-AD1C-9D1A23A429A9}.Debug|Any CPU.ActiveCfg = Debug|Any CPU
		{D84D4029-3C5A-4752-AD1C-9D1A23A429A9}.Debug|Any CPU.Build.0 = Debug|Any CPU
		{D84D4029-3C5A-4752-AD1C-9D1A23A429A9}.Release|Any CPU.ActiveCfg = Release|Any CPU
		{D84D4029-3C5A-4752-AD1C-9D1A23A429A9}.Release|Any CPU.Build.0 = Release|Any CPU
		{A035DD4B-2F7E-4DAC-A525-41B27C140C58}.Debug|Any CPU.ActiveCfg = Debug|Any CPU
		{A035DD4B-2F7E-4DAC-A525-41B27C140C58}.Debug|Any CPU.Build.0 = Debug|Any CPU
		{A035DD4B-2F7E-4DAC-A525-41B27C140C58}.Release|Any CPU.ActiveCfg = Release|Any CPU
		{A035DD4B-2F7E-4DAC-A525-41B27C140C58}.Release|Any CPU.Build.0 = Release|Any CPU
		{4D2CB805-3D28-4A2D-95E3-6F86DC41D810}.Debug|Any CPU.ActiveCfg = Debug|Any CPU
		{4D2CB805-3D28-4A2D-95E3-6F86DC41D810}.Debug|Any CPU.Build.0 = Debug|Any CPU
		{4D2CB805-3D28-4A2D-95E3-6F86DC41D810}.Release|Any CPU.ActiveCfg = Release|Any CPU
		{4D2CB805-3D28-4A2D-95E3-6F86DC41D810}.Release|Any CPU.Build.0 = Release|Any CPU
		{1A2565ED-7F11-487A-9950-141FFE044F0C}.Debug|Any CPU.ActiveCfg = Debug|Any CPU
		{1A2565ED-7F11-487A-9950-141FFE044F0C}.Debug|Any CPU.Build.0 = Debug|Any CPU
		{1A2565ED-7F11-487A-9950-141FFE044F0C}.Release|Any CPU.ActiveCfg = Release|Any CPU
		{1A2565ED-7F11-487A-9950-141FFE044F0C}.Release|Any CPU.Build.0 = Release|Any CPU
	EndGlobalSection
	GlobalSection(SolutionProperties) = preSolution
		HideSolutionNode = FALSE
	EndGlobalSection
EndGlobal
